
Microsoft Visual Studio Solution File, Format Version 12.00
# Visual Studio Version 16
VisualStudioVersion = 16.0.32602.291
MinimumVisualStudioVersion = 10.0.40219.1
Project("{2150E333-8FDC-42A3-9474-1A3956D46DE8}") = "proto", "proto", "{4E44B30E-8E77-436C-ADF2-7DBDBC8CC4FB}"
	ProjectSection(SolutionItems) = preProject
		dummy.proto = dummy.proto
		greeting.proto = greeting.proto
		sum.proto = sum.proto
	EndProjectSection
EndProject
Project("{9A19103F-16F7-4668-BE54-9A1E7A4F7556}") = "client", "client\client.csproj", "{38908458-719E-4DC0-84D0-9DBDBA1ABD15}"
EndProject
Project("{9A19103F-16F7-4668-BE54-9A1E7A4F7556}") = "server", "Server\server.csproj", "{AD394118-5B2B-4645-B6E4-905ED4E1AF13}"
EndProject
Project("{2150E333-8FDC-42A3-9474-1A3956D46DE8}") = "Solution Items", "Solution Items", "{28F8A9DB-69F4-453E-9C37-77BF1287D88B}"
	ProjectSection(SolutionItems) = preProject
		ssl.sh = ssl.sh
	EndProjectSection
EndProject
Global
	GlobalSection(SolutionConfigurationPlatforms) = preSolution
		Debug|Any CPU = Debug|Any CPU
		Release|Any CPU = Release|Any CPU
	EndGlobalSection
	GlobalSection(ProjectConfigurationPlatforms) = postSolution
		{38908458-719E-4DC0-84D0-9DBDBA1ABD15}.Debug|Any CPU.ActiveCfg = Debug|Any CPU
		{38908458-719E-4DC0-84D0-9DBDBA1ABD15}.Debug|Any CPU.Build.0 = Debug|Any CPU
		{38908458-719E-4DC0-84D0-9DBDBA1ABD15}.Release|Any CPU.ActiveCfg = Release|Any CPU
		{38908458-719E-4DC0-84D0-9DBDBA1ABD15}.Release|Any CPU.Build.0 = Release|Any CPU
		{AD394118-5B2B-4645-B6E4-905ED4E1AF13}.Debug|Any CPU.ActiveCfg = Debug|Any CPU
		{AD394118-5B2B-4645-B6E4-905ED4E1AF13}.Debug|Any CPU.Build.0 = Debug|Any CPU
		{AD394118-5B2B-4645-B6E4-905ED4E1AF13}.Release|Any CPU.ActiveCfg = Release|Any CPU
		{AD394118-5B2B-4645-B6E4-905ED4E1AF13}.Release|Any CPU.Build.0 = Release|Any CPU
	EndGlobalSection
	GlobalSection(SolutionProperties) = preSolution
		HideSolutionNode = FALSE
	EndGlobalSection
	GlobalSection(ExtensibilityGlobals) = postSolution
		SolutionGuid = {CD19BBDB-41E7-4F7E-8AEB-C2A491A721D0}
	EndGlobalSection
EndGlobal
